{
  "lockfileVersion": 1,
  "configVersion": 1,
  "workspaces": {
    "": {
      "name": "surrealdb-better-auth",
      "devDependencies": {
        "@better-auth/utils": "^0.2.3",
        "@types/bun": "^1.2.4",
        "dayjs": "^1.11.13",
      },
      "peerDependencies": {
        "better-auth": "^1.2.7 || ^1.4.0",
        "surrealdb": "1.3.2",
        "typescript": "^5.7.3",
      },
    },
  },
  "packages": {
    "@better-auth/core": ["@better-auth/core@1.4.10", "", { "dependencies": { "@standard-schema/spec": "1.1.0", "zod": "4.3.4" }, "peerDependencies": { "@better-auth/utils": "0.2.6", "@better-fetch/fetch": "1.1.21", "better-call": "1.1.7", "jose": "6.1.3", "kysely": "0.28.9", "nanostores": "1.1.0" } }, "sha512-AThrfb6CpG80wqkanfrbN2/fGOYzhGladHFf3JhaWt/3/Vtf4h084T6PJLrDE7M/vCCGYvDI1DkvP3P1OB2HAg=="],

    "@better-auth/telemetry": ["@better-auth/telemetry@1.4.10", "", { "dependencies": { "@better-auth/utils": "0.3.0", "@better-fetch/fetch": "1.1.21" }, "peerDependencies": { "@better-auth/core": "1.4.10" } }, "sha512-Dq4XJX6EKsUu0h3jpRagX739p/VMOTcnJYWRrLtDYkqtZFg+sFiFsSWVcfapZoWpRSUGYX9iKwl6nDHn6Ju2oQ=="],

    "@better-auth/utils": ["@better-auth/utils@0.2.6", "", { "dependencies": { "uncrypto": "0.1.3" } }, "sha512-3y/vaL5Ox33dBwgJ6ub3OPkVqr6B5xL2kgxNHG8eHZuryLyG/4JSPGqjbdRSgjuy9kALUZYDFl+ORIAxlWMSuA=="],

    "@better-fetch/fetch": ["@better-fetch/fetch@1.1.21", "", {}, "sha512-/ImESw0sskqlVR94jB+5+Pxjf+xBwDZF/N5+y2/q4EqD7IARUTSpPfIo8uf39SYpCxyOCtbyYpUrZ3F/k0zT4A=="],

    "@noble/ciphers": ["@noble/ciphers@2.1.1", "", {}, "sha512-bysYuiVfhxNJuldNXlFEitTVdNnYUc+XNJZd7Qm2a5j1vZHgY+fazadNFWFaMK/2vye0JVlxV3gHmC0WDfAOQw=="],

    "@noble/hashes": ["@noble/hashes@2.0.1", "", {}, "sha512-XlOlEbQcE9fmuXxrVTXCTlG2nlRXa9Rj3rr5Ue/+tX+nmkgbX720YHh0VR3hBF9xDvwnb8D2shVGOwNx+ulArw=="],

    "@standard-schema/spec": ["@standard-schema/spec@1.1.0", "", {}, "sha512-l2aFy5jALhniG5HgqrD6jXLi/rUWrKvqN/qJx6yoJsgKhblVd+iqqU4RCXavm/jPityDo5TCvKMnpjKnOriy0w=="],

    "@types/bun": ["@types/bun@1.3.5", "", { "dependencies": { "bun-types": "1.3.5" } }, "sha512-RnygCqNrd3srIPEWBd5LFeUYG7plCoH2Yw9WaZGyNmdTEei+gWaHqydbaIRkIkcbXwhBT94q78QljxN0Sk838w=="],

    "@types/node": ["@types/node@25.0.3", "", { "dependencies": { "undici-types": "7.16.0" } }, "sha512-W609buLVRVmeW693xKfzHeIV6nJGGz98uCPfeXI1ELMLXVeKYZ9m15fAMSaUPBHYLGFsVRcMmSCksQOrZV9BYA=="],

    "better-auth": ["better-auth@1.4.10", "", { "dependencies": { "@better-auth/core": "1.4.10", "@better-auth/telemetry": "1.4.10", "@better-auth/utils": "0.3.0", "@better-fetch/fetch": "1.1.21", "@noble/ciphers": "2.1.1", "@noble/hashes": "2.0.1", "better-call": "1.1.7", "defu": "6.1.4", "jose": "6.1.3", "kysely": "0.28.9", "nanostores": "1.1.0", "zod": "4.3.4" } }, "sha512-0kqwEBJLe8eyFzbUspRG/htOriCf9uMLlnpe34dlIJGdmDfPuQISd4shShvUrvIVhPxsY1dSTXdXPLpqISYOYg=="],

    "better-call": ["better-call@1.1.7", "", { "dependencies": { "@better-auth/utils": "0.3.0", "@better-fetch/fetch": "1.1.21", "rou3": "0.7.12", "set-cookie-parser": "2.7.2" }, "optionalDependencies": { "zod": "4.3.4" } }, "sha512-6gaJe1bBIEgVebQu/7q9saahVzvBsGaByEnE8aDVncZEDiJO7sdNB28ot9I6iXSbR25egGmmZ6aIURXyQHRraQ=="],

    "bun-types": ["bun-types@1.3.5", "", { "dependencies": { "@types/node": "25.0.3" } }, "sha512-inmAYe2PFLs0SUbFOWSVD24sg1jFlMPxOjOSSCYqUgn4Hsc3rDc7dFvfVYjFPNHtov6kgUeulV4SxbuIV/stPw=="],

    "dayjs": ["dayjs@1.11.19", "", {}, "sha512-t5EcLVS6QPBNqM2z8fakk/NKel+Xzshgt8FFKAn+qwlD1pzZWxh0nVCrvFK7ZDb6XucZeF9z8C7CBWTRIVApAw=="],

    "defu": ["defu@6.1.4", "", {}, "sha512-mEQCMmwJu317oSz8CwdIOdwf3xMif1ttiM8LTufzc3g6kR+9Pe236twL8j3IYT1F7GfRgGcW6MWxzZjLIkuHIg=="],

    "isows": ["isows@1.0.7", "", { "peerDependencies": { "ws": "8.18.3" } }, "sha512-I1fSfDCZL5P0v33sVqeTDSpcstAg/N+wF5HS033mogOVIp4B+oHC7oOCsA3axAbBSGTJ8QubbNmnIRN/h8U7hg=="],

    "jose": ["jose@6.1.3", "", {}, "sha512-0TpaTfihd4QMNwrz/ob2Bp7X04yuxJkjRGi4aKmOqwhov54i6u79oCv7T+C7lo70MKH6BesI3vscD1yb/yzKXQ=="],

    "kysely": ["kysely@0.28.9", "", {}, "sha512-3BeXMoiOhpOwu62CiVpO6lxfq4eS6KMYfQdMsN/2kUCRNuF2YiEr7u0HLHaQU+O4Xu8YXE3bHVkwaQ85i72EuA=="],

    "nanostores": ["nanostores@1.1.0", "", {}, "sha512-yJBmDJr18xy47dbNVlHcgdPrulSn1nhSE6Ns9vTG+Nx9VPT6iV1MD6aQFp/t52zpf82FhLLTXAXr30NuCnxvwA=="],

    "rou3": ["rou3@0.7.12", "", {}, "sha512-iFE4hLDuloSWcD7mjdCDhx2bKcIsYbtOTpfH5MHHLSKMOUyjqQXTeZVa289uuwEGEKFoE/BAPbhaU4B774nceg=="],

    "set-cookie-parser": ["set-cookie-parser@2.7.2", "", {}, "sha512-oeM1lpU/UvhTxw+g3cIfxXHyJRc/uidd3yK1P242gzHds0udQBYzs3y8j4gCCW+ZJ7ad0yctld8RYO+bdurlvw=="],

    "surrealdb": ["surrealdb@1.3.2", "", { "dependencies": { "isows": "1.0.7", "uuidv7": "1.1.0" }, "peerDependencies": { "tslib": "2.8.1", "typescript": "5.9.3" } }, "sha512-mL7nij33iuon3IQP72F46fgX3p2LAxFCWCBDbZB7IohZ13RTEwJVNq7nZeP1eMSceQUpKzS6OHIWOuF9LYAkNw=="],

    "tslib": ["tslib@2.8.1", "", {}, "sha512-oJFu94HQb+KVduSUQL7wnpmqnfmLsOA/nAh6b6EH0wCEoK0/mPeXU6c3wKDV83MkOuHPRHtSXKKU99IBazS/2w=="],

    "typescript": ["typescript@5.9.3", "", { "bin": { "tsc": "bin/tsc", "tsserver": "bin/tsserver" } }, "sha512-jl1vZzPDinLr9eUt3J/t7V6FgNEw9QjvBPdysz9KfQDD41fQrC2Y4vKQdiaUpFT4bXlb1RHhLpp8wtm6M5TgSw=="],

    "uncrypto": ["uncrypto@0.1.3", "", {}, "sha512-Ql87qFHB3s/De2ClA9e0gsnS6zXG27SkTiSJwjCc9MebbfapQfuPzumMIUMi38ezPZVNFcHI9sUIepeQfw8J8Q=="],

    "undici-types": ["undici-types@7.16.0", "", {}, "sha512-Zz+aZWSj8LE6zoxD+xrjh4VfkIG8Ya6LvYkZqtUQGJPZjYl53ypCaUwWqo7eI0x66KBGeRo+mlBEkMSeSZ38Nw=="],

    "uuidv7": ["uuidv7@1.1.0", "", { "bin": { "uuidv7": "cli.js" } }, "sha512-2VNnOC0+XQlwogChUDzy6pe8GQEys9QFZBGOh54l6qVfwoCUwwRvk7rDTgaIsRgsF5GFa5oiNg8LqXE3jofBBg=="],

    "ws": ["ws@8.18.3", "", {}, "sha512-PEIGCY5tSlUt50cqyMXfCzX+oOPqN0vuGqWzbcJ2xvnkzkq46oOpz7dQaTDBdfICb4N14+GARUDw2XV2N4tvzg=="],

    "zod": ["zod@4.3.4", "", {}, "sha512-Zw/uYiiyF6pUT1qmKbZziChgNPRu+ZRneAsMUDU6IwmXdWt5JwcUfy2bvLOCUtz5UniaN/Zx5aFttZYbYc7O/A=="],

    "@better-auth/telemetry/@better-auth/utils": ["@better-auth/utils@0.3.0", "", {}, "sha512-W+Adw6ZA6mgvnSnhOki270rwJ42t4XzSK6YWGF//BbVXL6SwCLWfyzBc1lN2m/4RM28KubdBKQ4X5VMoLRNPQw=="],

    "better-auth/@better-auth/utils": ["@better-auth/utils@0.3.0", "", {}, "sha512-W+Adw6ZA6mgvnSnhOki270rwJ42t4XzSK6YWGF//BbVXL6SwCLWfyzBc1lN2m/4RM28KubdBKQ4X5VMoLRNPQw=="],

    "better-call/@better-auth/utils": ["@better-auth/utils@0.3.0", "", {}, "sha512-W+Adw6ZA6mgvnSnhOki270rwJ42t4XzSK6YWGF//BbVXL6SwCLWfyzBc1lN2m/4RM28KubdBKQ4X5VMoLRNPQw=="],
  }
}
